
Microsoft Visual Studio Solution File, Format Version 12.00
# Visual Studio Version 17
VisualStudioVersion = 17.10.35122.118
MinimumVisualStudioVersion = 10.0.40219.1
Project("{FAE04EC0-301F-11D3-BF4B-00C04F79EFBC}") = "NotificationService", "NotificationService\NotificationService.csproj", "{AFCCB27D-86B2-4D82-834F-799690683B09}"
EndProject
Global
	GlobalSection(SolutionConfigurationPlatforms) = preSolution
		Debug|Any CPU = Debug|Any CPU
		Release|Any CPU = Release|Any CPU
	EndGlobalSection
	GlobalSection(ProjectConfigurationPlatforms) = postSolution
		{AFCCB27D-86B2-4D82-834F-799690683B09}.Debug|Any CPU.ActiveCfg = Debug|Any CPU
		{AFCCB27D-86B2-4D82-834F-799690683B09}.Debug|Any CPU.Build.0 = Debug|Any CPU
		{AFCCB27D-86B2-4D82-834F-799690683B09}.Release|Any CPU.ActiveCfg = Release|Any CPU
		{AFCCB27D-86B2-4D82-834F-799690683B09}.Release|Any CPU.Build.0 = Release|Any CPU
	EndGlobalSection
	GlobalSection(SolutionProperties) = preSolution
		HideSolutionNode = FALSE
	EndGlobalSection
	GlobalSection(ExtensibilityGlobals) = postSolution
		SolutionGuid = {3BF2C2C8-5685-4803-9284-537FFF811C21}
	EndGlobalSection
EndGlobal
